
Microsoft Visual Studio Solution File, Format Version 12.00
# Visual Studio Version 17
VisualStudioVersion = 17.0.31612.314
MinimumVisualStudioVersion = 10.0.40219.1
Project("{F184B08F-C81C-45F6-A57F-5ABD9991F28F}") = "DeveloperCore", "DeveloperCore\DeveloperCore.vbproj", "{340C0B36-F205-42B5-9245-B292F02C9BFD}"
EndProject
Project("{F184B08F-C81C-45F6-A57F-5ABD9991F28F}") = "CodingCool.DeveloperCore.Views", "CodingCool.DeveloperCore.Views\CodingCool.DeveloperCore.Views.vbproj", "{AA191046-8570-4809-BEEF-1EE9020534DD}"
EndProject
Project("{F184B08F-C81C-45F6-A57F-5ABD9991F28F}") = "CodingCool.DeveloperCore.Editor", "CodingCool.DeveloperCore.Editor\CodingCool.DeveloperCore.Editor.vbproj", "{47D8247E-E451-4944-B340-04A0A830CCFF}"
EndProject
Project("{F184B08F-C81C-45F6-A57F-5ABD9991F28F}") = "CodingCool.DeveloperCore.Core", "CodingCool.DeveloperCore.Core\CodingCool.DeveloperCore.Core.vbproj", "{E13EE95D-015B-42A5-9CE2-2EE3F378A17C}"
EndProject
Project("{F184B08F-C81C-45F6-A57F-5ABD9991F28F}") = "CodingCool.DeveloperCore.Nuget", "CodingCool.DeveloperCore.Nuget\CodingCool.DeveloperCore.Nuget.vbproj", "{2EFB3765-43E3-4A2E-8D17-555442A37473}"
EndProject
Project("{F184B08F-C81C-45F6-A57F-5ABD9991F28F}") = "CodingCool.DeveloperCore.SolutionExplorer", "CodingCool.DeveloperCore.SolutionExplorer\CodingCool.DeveloperCore.SolutionExplorer.vbproj", "{55A8CAB0-B381-47F9-A432-837409752E61}"
EndProject
Project("{F184B08F-C81C-45F6-A57F-5ABD9991F28F}") = "CodingCool.DeveloperCore.Icons.SolutionExplorer", "CodingCool.DeveloperCore.Icons\CodingCool.DeveloperCore.Icons.SolutionExplorer.vbproj", "{CD1EE5AC-12EF-429C-AD95-A6EDE2BA92A5}"
EndProject
Project("{2150E333-8FDC-42A3-9474-1A3956D46DE8}") = "Images", "Images", "{8A24D67A-7811-4792-B4B6-F42972CC85CE}"
EndProject
Project("{F184B08F-C81C-45F6-A57F-5ABD9991F28F}") = "CodingCool.DeveloperCore.Icons.SolutionExplorer.VB", "CodingCool.DeveloperCore.Icons.SolutionExplorer.VB\CodingCool.DeveloperCore.Icons.SolutionExplorer.VB.vbproj", "{DE4485AE-6311-4DC6-ADF9-3437CAEE67E0}"
EndProject
Project("{2150E333-8FDC-42A3-9474-1A3956D46DE8}") = "VB", "VB", "{50B24A6E-2918-4611-90CE-02266AC516BF}"
EndProject
Project("{F184B08F-C81C-45F6-A57F-5ABD9991F28F}") = "CodingCool.DeveloperCore.Icons.SolutionExplorer.VB.Projects", "CodingCool.DeveloperCore.Icons.SolutionExplorer.VB.Projects\CodingCool.DeveloperCore.Icons.SolutionExplorer.VB.Projects.vbproj", "{07467CA7-D4C0-4D64-9968-FA4572D15B73}"
EndProject
Project("{2150E333-8FDC-42A3-9474-1A3956D46DE8}") = "Views", "Views", "{6ECCCB89-AE1B-48F9-B73B-ED371CCF6D86}"
EndProject
Project("{F184B08F-C81C-45F6-A57F-5ABD9991F28F}") = "CodingCool.DeveloeprCore.Nuget.Core", "CodingCool.DeveloeprCore.Nuget.Core\CodingCool.DeveloeprCore.Nuget.Core.vbproj", "{9B7C3209-4327-4DE9-831C-839D332A9583}"
EndProject
Project("{F184B08F-C81C-45F6-A57F-5ABD9991F28F}") = "CodingCool.DeveloperCore.Icons.Commands", "CodingCool.DeveloperCore.Icons.Commands\CodingCool.DeveloperCore.Icons.Commands.vbproj", "{203943AE-D821-409A-8AB3-9D8929FAC0CB}"
EndProject
Project("{F184B08F-C81C-45F6-A57F-5ABD9991F28F}") = "CodingCool.DeveloperCore.ObjectExplorer", "CodingCool.DeveloperCore.ObjectExplorer\CodingCool.DeveloperCore.ObjectExplorer.vbproj", "{3DCE28C7-09F6-49C6-B26F-62B56E9A2F59}"
EndProject
Project("{2150E333-8FDC-42A3-9474-1A3956D46DE8}") = "WinForms", "WinForms", "{821AB413-7D73-4F65-99CF-01F4B12677E6}"
EndProject
Project("{F184B08F-C81C-45F6-A57F-5ABD9991F28F}") = "CodingCool.Developer.WinForms.Designer", "CodingCool.Developer.WinForms.Designer\CodingCool.Developer.WinForms.Designer.vbproj", "{080F91CB-D488-40AF-A1B7-D8FC27125B27}"
EndProject
Project("{F184B08F-C81C-45F6-A57F-5ABD9991F28F}") = "Tests", "Tests\Tests.vbproj", "{550BA905-BAC4-4226-9FEC-0D60AB3627DE}"
EndProject
Global
	GlobalSection(SolutionConfigurationPlatforms) = preSolution
		Debug|Any CPU = Debug|Any CPU
		Release|Any CPU = Release|Any CPU
	EndGlobalSection
	GlobalSection(ProjectConfigurationPlatforms) = postSolution
		{340C0B36-F205-42B5-9245-B292F02C9BFD}.Debug|Any CPU.ActiveCfg = Debug|Any CPU
		{340C0B36-F205-42B5-9245-B292F02C9BFD}.Debug|Any CPU.Build.0 = Debug|Any CPU
		{340C0B36-F205-42B5-9245-B292F02C9BFD}.Release|Any CPU.ActiveCfg = Release|Any CPU
		{340C0B36-F205-42B5-9245-B292F02C9BFD}.Release|Any CPU.Build.0 = Release|Any CPU
		{AA191046-8570-4809-BEEF-1EE9020534DD}.Debug|Any CPU.ActiveCfg = Debug|Any CPU
		{AA191046-8570-4809-BEEF-1EE9020534DD}.Debug|Any CPU.Build.0 = Debug|Any CPU
		{AA191046-8570-4809-BEEF-1EE9020534DD}.Release|Any CPU.ActiveCfg = Release|Any CPU
		{AA191046-8570-4809-BEEF-1EE9020534DD}.Release|Any CPU.Build.0 = Release|Any CPU
		{47D8247E-E451-4944-B340-04A0A830CCFF}.Debug|Any CPU.ActiveCfg = Debug|Any CPU
		{47D8247E-E451-4944-B340-04A0A830CCFF}.Debug|Any CPU.Build.0 = Debug|Any CPU
		{47D8247E-E451-4944-B340-04A0A830CCFF}.Release|Any CPU.ActiveCfg = Release|Any CPU
		{47D8247E-E451-4944-B340-04A0A830CCFF}.Release|Any CPU.Build.0 = Release|Any CPU
		{E13EE95D-015B-42A5-9CE2-2EE3F378A17C}.Debug|Any CPU.ActiveCfg = Debug|Any CPU
		{E13EE95D-015B-42A5-9CE2-2EE3F378A17C}.Debug|Any CPU.Build.0 = Debug|Any CPU
		{E13EE95D-015B-42A5-9CE2-2EE3F378A17C}.Release|Any CPU.ActiveCfg = Release|Any CPU
		{E13EE95D-015B-42A5-9CE2-2EE3F378A17C}.Release|Any CPU.Build.0 = Release|Any CPU
		{2EFB3765-43E3-4A2E-8D17-555442A37473}.Debug|Any CPU.ActiveCfg = Debug|Any CPU
		{2EFB3765-43E3-4A2E-8D17-555442A37473}.Debug|Any CPU.Build.0 = Debug|Any CPU
		{2EFB3765-43E3-4A2E-8D17-555442A37473}.Release|Any CPU.ActiveCfg = Release|Any CPU
		{2EFB3765-43E3-4A2E-8D17-555442A37473}.Release|Any CPU.Build.0 = Release|Any CPU
		{55A8CAB0-B381-47F9-A432-837409752E61}.Debug|Any CPU.ActiveCfg = Debug|Any CPU
		{55A8CAB0-B381-47F9-A432-837409752E61}.Debug|Any CPU.Build.0 = Debug|Any CPU
		{55A8CAB0-B381-47F9-A432-837409752E61}.Release|Any CPU.ActiveCfg = Release|Any CPU
		{55A8CAB0-B381-47F9-A432-837409752E61}.Release|Any CPU.Build.0 = Release|Any CPU
		{CD1EE5AC-12EF-429C-AD95-A6EDE2BA92A5}.Debug|Any CPU.ActiveCfg = Debug|Any CPU
		{CD1EE5AC-12EF-429C-AD95-A6EDE2BA92A5}.Debug|Any CPU.Build.0 = Debug|Any CPU
		{CD1EE5AC-12EF-429C-AD95-A6EDE2BA92A5}.Release|Any CPU.ActiveCfg = Release|Any CPU
		{CD1EE5AC-12EF-429C-AD95-A6EDE2BA92A5}.Release|Any CPU.Build.0 = Release|Any CPU
		{DE4485AE-6311-4DC6-ADF9-3437CAEE67E0}.Debug|Any CPU.ActiveCfg = Debug|Any CPU
		{DE4485AE-6311-4DC6-ADF9-3437CAEE67E0}.Debug|Any CPU.Build.0 = Debug|Any CPU
		{DE4485AE-6311-4DC6-ADF9-3437CAEE67E0}.Release|Any CPU.ActiveCfg = Release|Any CPU
		{DE4485AE-6311-4DC6-ADF9-3437CAEE67E0}.Release|Any CPU.Build.0 = Release|Any CPU
		{07467CA7-D4C0-4D64-9968-FA4572D15B73}.Debug|Any CPU.ActiveCfg = Debug|Any CPU
		{07467CA7-D4C0-4D64-9968-FA4572D15B73}.Debug|Any CPU.Build.0 = Debug|Any CPU
		{07467CA7-D4C0-4D64-9968-FA4572D15B73}.Release|Any CPU.ActiveCfg = Release|Any CPU
		{07467CA7-D4C0-4D64-9968-FA4572D15B73}.Release|Any CPU.Build.0 = Release|Any CPU
		{9B7C3209-4327-4DE9-831C-839D332A9583}.Debug|Any CPU.ActiveCfg = Debug|Any CPU
		{9B7C3209-4327-4DE9-831C-839D332A9583}.Debug|Any CPU.Build.0 = Debug|Any CPU
		{9B7C3209-4327-4DE9-831C-839D332A9583}.Release|Any CPU.ActiveCfg = Release|Any CPU
		{9B7C3209-4327-4DE9-831C-839D332A9583}.Release|Any CPU.Build.0 = Release|Any CPU
		{203943AE-D821-409A-8AB3-9D8929FAC0CB}.Debug|Any CPU.ActiveCfg = Debug|Any CPU
		{203943AE-D821-409A-8AB3-9D8929FAC0CB}.Debug|Any CPU.Build.0 = Debug|Any CPU
		{203943AE-D821-409A-8AB3-9D8929FAC0CB}.Release|Any CPU.ActiveCfg = Release|Any CPU
		{203943AE-D821-409A-8AB3-9D8929FAC0CB}.Release|Any CPU.Build.0 = Release|Any CPU
		{3DCE28C7-09F6-49C6-B26F-62B56E9A2F59}.Debug|Any CPU.ActiveCfg = Debug|Any CPU
		{3DCE28C7-09F6-49C6-B26F-62B56E9A2F59}.Debug|Any CPU.Build.0 = Debug|Any CPU
		{3DCE28C7-09F6-49C6-B26F-62B56E9A2F59}.Release|Any CPU.ActiveCfg = Release|Any CPU
		{3DCE28C7-09F6-49C6-B26F-62B56E9A2F59}.Release|Any CPU.Build.0 = Release|Any CPU
		{080F91CB-D488-40AF-A1B7-D8FC27125B27}.Debug|Any CPU.ActiveCfg = Debug|Any CPU
		{080F91CB-D488-40AF-A1B7-D8FC27125B27}.Debug|Any CPU.Build.0 = Debug|Any CPU
		{080F91CB-D488-40AF-A1B7-D8FC27125B27}.Release|Any CPU.ActiveCfg = Release|Any CPU
		{080F91CB-D488-40AF-A1B7-D8FC27125B27}.Release|Any CPU.Build.0 = Release|Any CPU
		{550BA905-BAC4-4226-9FEC-0D60AB3627DE}.Debug|Any CPU.ActiveCfg = Debug|Any CPU
		{550BA905-BAC4-4226-9FEC-0D60AB3627DE}.Debug|Any CPU.Build.0 = Debug|Any CPU
		{550BA905-BAC4-4226-9FEC-0D60AB3627DE}.Release|Any CPU.ActiveCfg = Release|Any CPU
		{550BA905-BAC4-4226-9FEC-0D60AB3627DE}.Release|Any CPU.Build.0 = Release|Any CPU
	EndGlobalSection
	GlobalSection(SolutionProperties) = preSolution
		HideSolutionNode = FALSE
	EndGlobalSection
	GlobalSection(NestedProjects) = preSolution
		{AA191046-8570-4809-BEEF-1EE9020534DD} = {6ECCCB89-AE1B-48F9-B73B-ED371CCF6D86}
		{47D8247E-E451-4944-B340-04A0A830CCFF} = {6ECCCB89-AE1B-48F9-B73B-ED371CCF6D86}
		{2EFB3765-43E3-4A2E-8D17-555442A37473} = {6ECCCB89-AE1B-48F9-B73B-ED371CCF6D86}
		{55A8CAB0-B381-47F9-A432-837409752E61} = {6ECCCB89-AE1B-48F9-B73B-ED371CCF6D86}
		{CD1EE5AC-12EF-429C-AD95-A6EDE2BA92A5} = {8A24D67A-7811-4792-B4B6-F42972CC85CE}
		{DE4485AE-6311-4DC6-ADF9-3437CAEE67E0} = {50B24A6E-2918-4611-90CE-02266AC516BF}
		{50B24A6E-2918-4611-90CE-02266AC516BF} = {8A24D67A-7811-4792-B4B6-F42972CC85CE}
		{07467CA7-D4C0-4D64-9968-FA4572D15B73} = {50B24A6E-2918-4611-90CE-02266AC516BF}
		{203943AE-D821-409A-8AB3-9D8929FAC0CB} = {8A24D67A-7811-4792-B4B6-F42972CC85CE}
		{3DCE28C7-09F6-49C6-B26F-62B56E9A2F59} = {6ECCCB89-AE1B-48F9-B73B-ED371CCF6D86}
		{080F91CB-D488-40AF-A1B7-D8FC27125B27} = {821AB413-7D73-4F65-99CF-01F4B12677E6}
	EndGlobalSection
	GlobalSection(ExtensibilityGlobals) = postSolution
		SolutionGuid = {7ACAD12D-FDB0-4764-9E92-232E1B9C5E8E}
	EndGlobalSection
EndGlobal
